
Microsoft Visual Studio Solution File, Format Version 12.00
# Visual Studio Version 17
VisualStudioVersion = 17.4.33110.190
MinimumVisualStudioVersion = 10.0.40219.1
Project("{9A19103F-16F7-4668-BE54-9A1E7A4F7556}") = "TodoListAPI", "TodoList\TodoListAPI.csproj", "{0B90C7ED-228E-4C85-9944-5035BBA7EA8E}"
EndProject
Project("{9A19103F-16F7-4668-BE54-9A1E7A4F7556}") = "TodoListWebApp", "TodoListWebApp\TodoListWebApp.csproj", "{C6763762-4DFA-4685-A633-99D6A0512723}"
EndProject
Global
	GlobalSection(SolutionConfigurationPlatforms) = preSolution
		Debug|Any CPU = Debug|Any CPU
		Release|Any CPU = Release|Any CPU
	EndGlobalSection
	GlobalSection(ProjectConfigurationPlatforms) = postSolution
		{0B90C7ED-228E-4C85-9944-5035BBA7EA8E}.Debug|Any CPU.ActiveCfg = Debug|Any CPU
		{0B90C7ED-228E-4C85-9944-5035BBA7EA8E}.Debug|Any CPU.Build.0 = Debug|Any CPU
		{0B90C7ED-228E-4C85-9944-5035BBA7EA8E}.Release|Any CPU.ActiveCfg = Release|Any CPU
		{0B90C7ED-228E-4C85-9944-5035BBA7EA8E}.Release|Any CPU.Build.0 = Release|Any CPU
		{C6763762-4DFA-4685-A633-99D6A0512723}.Debug|Any CPU.ActiveCfg = Debug|Any CPU
		{C6763762-4DFA-4685-A633-99D6A0512723}.Debug|Any CPU.Build.0 = Debug|Any CPU
		{C6763762-4DFA-4685-A633-99D6A0512723}.Release|Any CPU.ActiveCfg = Release|Any CPU
		{C6763762-4DFA-4685-A633-99D6A0512723}.Release|Any CPU.Build.0 = Release|Any CPU
	EndGlobalSection
	GlobalSection(SolutionProperties) = preSolution
		HideSolutionNode = FALSE
	EndGlobalSection
	GlobalSection(ExtensibilityGlobals) = postSolution
		SolutionGuid = {B49085F6-81CB-429F-8854-4499B5935932}
	EndGlobalSection
EndGlobal
